
Microsoft Visual Studio Solution File, Format Version 12.00
# Visual Studio Version 17
VisualStudioVersion = 17.7.34221.43
MinimumVisualStudioVersion = 10.0.40219.1
Project("{FAE04EC0-301F-11D3-BF4B-00C04F79EFBC}") = "Homework7", "Homework7\Homework7.csproj", "{2639662F-0CDA-477A-8004-EC2B105578BE}"
EndProject
Global
	GlobalSection(SolutionConfigurationPlatforms) = preSolution
		Debug|Any CPU = Debug|Any CPU
		Release|Any CPU = Release|Any CPU
	EndGlobalSection
	GlobalSection(ProjectConfigurationPlatforms) = postSolution
		{2639662F-0CDA-477A-8004-EC2B105578BE}.Debug|Any CPU.ActiveCfg = Debug|Any CPU
		{2639662F-0CDA-477A-8004-EC2B105578BE}.Debug|Any CPU.Build.0 = Debug|Any CPU
		{2639662F-0CDA-477A-8004-EC2B105578BE}.Release|Any CPU.ActiveCfg = Release|Any CPU
		{2639662F-0CDA-477A-8004-EC2B105578BE}.Release|Any CPU.Build.0 = Release|Any CPU
	EndGlobalSection
	GlobalSection(SolutionProperties) = preSolution
		HideSolutionNode = FALSE
	EndGlobalSection
	GlobalSection(ExtensibilityGlobals) = postSolution
		SolutionGuid = {F54F80A3-42B4-4341-86D1-0C2803189BF7}
	EndGlobalSection
EndGlobal
